
Microsoft Visual Studio Solution File, Format Version 12.00
# Visual Studio Version 17
VisualStudioVersion = 17.14.36203.30 d17.14
MinimumVisualStudioVersion = 10.0.40219.1
Project("{FAE04EC0-301F-11D3-BF4B-00C04F79EFBC}") = "Omnic", "src\Omnic\Omnic.csproj", "{0B03420B-1762-4E34-AEF8-41892C5CFCF3}"
EndProject
Global
	GlobalSection(SolutionConfigurationPlatforms) = preSolution
		Debug|Any CPU = Debug|Any CPU
		Release|Any CPU = Release|Any CPU
	EndGlobalSection
	GlobalSection(ProjectConfigurationPlatforms) = postSolution
		{0B03420B-1762-4E34-AEF8-41892C5CFCF3}.Debug|Any CPU.ActiveCfg = Debug|Any CPU
		{0B03420B-1762-4E34-AEF8-41892C5CFCF3}.Debug|Any CPU.Build.0 = Debug|Any CPU
		{0B03420B-1762-4E34-AEF8-41892C5CFCF3}.Release|Any CPU.ActiveCfg = Release|Any CPU
		{0B03420B-1762-4E34-AEF8-41892C5CFCF3}.Release|Any CPU.Build.0 = Release|Any CPU
	EndGlobalSection
	GlobalSection(SolutionProperties) = preSolution
		HideSolutionNode = FALSE
	EndGlobalSection
	GlobalSection(ExtensibilityGlobals) = postSolution
		SolutionGuid = {E329F9FB-D21F-4A5F-937A-68EA698F0499}
	EndGlobalSection
EndGlobal
